
Microsoft Visual Studio Solution File, Format Version 12.00
# Visual Studio 15
VisualStudioVersion = 15.0.27004.2006
MinimumVisualStudioVersion = 10.0.40219.1
Project("{FAE04EC0-301F-11D3-BF4B-00C04F79EFBC}") = "slfexlubricants.com", "slfexlubricants.com\slfexlubricants.com.csproj", "{62967261-A630-494A-92E6-DAE8FA410E96}"
EndProject
Global
	GlobalSection(SolutionConfigurationPlatforms) = preSolution
		Debug|Any CPU = Debug|Any CPU
		Release|Any CPU = Release|Any CPU
	EndGlobalSection
	GlobalSection(ProjectConfigurationPlatforms) = postSolution
		{62967261-A630-494A-92E6-DAE8FA410E96}.Debug|Any CPU.ActiveCfg = Debug|Any CPU
		{62967261-A630-494A-92E6-DAE8FA410E96}.Debug|Any CPU.Build.0 = Debug|Any CPU
		{62967261-A630-494A-92E6-DAE8FA410E96}.Release|Any CPU.ActiveCfg = Release|Any CPU
		{62967261-A630-494A-92E6-DAE8FA410E96}.Release|Any CPU.Build.0 = Release|Any CPU
	EndGlobalSection
	GlobalSection(SolutionProperties) = preSolution
		HideSolutionNode = FALSE
	EndGlobalSection
	GlobalSection(ExtensibilityGlobals) = postSolution
		SolutionGuid = {CBEB6E9E-53C3-471A-A87A-23E141C48E73}
	EndGlobalSection
EndGlobal
